// !$*UTF8*$!
{
	archiveVersion = 1;
	classes = {
	};
	objectVersion = 50;
	objects = {

/* Begin PBXBuildFile section */
		6900A5EC2139C10A001E67E2 /* AppDelegate.swift in Sources */ = {isa = PBXBuildFile; fileRef = 6900A5EB2139C10A001E67E2 /* AppDelegate.swift */; };
		6900A5F32139C10C001E67E2 /* Assets.xcassets in Resources */ = {isa = PBXBuildFile; fileRef = 6900A5F22139C10C001E67E2 /* Assets.xcassets */; };
		6900A5FE2139C121001E67E2 /* LaunchScreen.xib in Resources */ = {isa = PBXBuildFile; fileRef = 6900A5FD2139C121001E67E2 /* LaunchScreen.xib */; };
		6900A6032139C170001E67E2 /* MainViewController.swift in Sources */ = {isa = PBXBuildFile; fileRef = 6900A6012139C170001E67E2 /* MainViewController.swift */; };
		6900A6042139C170001E67E2 /* MainViewController.xib in Resources */ = {isa = PBXBuildFile; fileRef = 6900A6022139C170001E67E2 /* MainViewController.xib */; };
		6900A61F2139CAF8001E67E2 /* Start.framework in Frameworks */ = {isa = PBXBuildFile; fileRef = 6900A61E2139CAF8001E67E2 /* Start.framework */; };
/* End PBXBuildFile section */

/* Begin PBXFileReference section */
		6900A5E82139C10A001E67E2 /* StartDemo.app */ = {isa = PBXFileReference; explicitFileType = wrapper.application; includeInIndex = 0; path = StartDemo.app; sourceTree = BUILT_PRODUCTS_DIR; };
		6900A5EB2139C10A001E67E2 /* AppDelegate.swift */ = {isa = PBXFileReference; lastKnownFileType = sourcecode.swift; path = AppDelegate.swift; sourceTree = "<group>"; };
		6900A5F22139C10C001E67E2 /* Assets.xcassets */ = {isa = PBXFileReference; lastKnownFileType = folder.assetcatalog; path = Assets.xcassets; sourceTree = "<group>"; };
		6900A5F72139C10C001E67E2 /* Info.plist */ = {isa = PBXFileReference; lastKnownFileType = text.plist.xml; path = Info.plist; sourceTree = "<group>"; };
		6900A5FD2139C121001E67E2 /* LaunchScreen.xib */ = {isa = PBXFileReference; lastKnownFileType = file.xib; path = LaunchScreen.xib; sourceTree = "<group>"; };
		6900A6012139C170001E67E2 /* MainViewController.swift */ = {isa = PBXFileReference; lastKnownFileType = sourcecode.swift; path = MainViewController.swift; sourceTree = "<group>"; };
		6900A6022139C170001E67E2 /* MainViewController.xib */ = {isa = PBXFileReference; lastKnownFileType = file.xib; path = MainViewController.xib; sourceTree = "<group>"; };
		6900A61E2139CAF8001E67E2 /* Start.framework */ = {isa = PBXFileReference; explicitFileType = wrapper.framework; path = Start.framework; sourceTree = BUILT_PRODUCTS_DIR; };
/* End PBXFileReference section */

/* Begin PBXFrameworksBuildPhase section */
		6900A5E52139C10A001E67E2 /* Frameworks */ = {
			isa = PBXFrameworksBuildPhase;
			buildActionMask = 2147483647;
			files = (
				6900A61F2139CAF8001E67E2 /* Start.framework in Frameworks */,
			);
			runOnlyForDeploymentPostprocessing = 0;
		};
/* End PBXFrameworksBuildPhase section */

/* Begin PBXGroup section */
		6900A5DF2139C10A001E67E2 = {
			isa = PBXGroup;
			children = (
				6900A5EA2139C10A001E67E2 /* StartDemo */,
				6900A61D2139CAED001E67E2 /* Frameworks */,
				6900A5E92139C10A001E67E2 /* Products */,
			);
			sourceTree = "<group>";
		};
		6900A5E92139C10A001E67E2 /* Products */ = {
			isa = PBXGroup;
			children = (
				6900A5E82139C10A001E67E2 /* StartDemo.app */,
			);
			name = Products;
			sourceTree = "<group>";
		};
		6900A5EA2139C10A001E67E2 /* StartDemo */ = {
			isa = PBXGroup;
			children = (
				6900A5FF2139C164001E67E2 /* ViewControllers */,
				6900A5EB2139C10A001E67E2 /* AppDelegate.swift */,
				6900A5F22139C10C001E67E2 /* Assets.xcassets */,
				6900A5FD2139C121001E67E2 /* LaunchScreen.xib */,
				6900A5F72139C10C001E67E2 /* Info.plist */,
			);
			path = StartDemo;
			sourceTree = "<group>";
		};
		6900A5FF2139C164001E67E2 /* ViewControllers */ = {
			isa = PBXGroup;
			children = (
				6900A6002139C164001E67E2 /* Main */,
			);
			path = ViewControllers;
			sourceTree = "<group>";
		};
		6900A6002139C164001E67E2 /* Main */ = {
			isa = PBXGroup;
			children = (
				6900A6012139C170001E67E2 /* MainViewController.swift */,
				6900A6022139C170001E67E2 /* MainViewController.xib */,
			);
			path = Main;
			sourceTree = "<group>";
		};
		6900A61D2139CAED001E67E2 /* Frameworks */ = {
			isa = PBXGroup;
			children = (
				6900A61E2139CAF8001E67E2 /* Start.framework */,
			);
			path = Frameworks;
			sourceTree = "<group>";
		};
/* End PBXGroup section */

/* Begin PBXNativeTarget section */
		6900A5E72139C10A001E67E2 /* StartDemo */ = {
			isa = PBXNativeTarget;
			buildConfigurationList = 6900A5FA2139C10C001E67E2 /* Build configuration list for PBXNativeTarget "StartDemo" */;
			buildPhases = (
				6900A5E42139C10A001E67E2 /* Sources */,
				6900A5E52139C10A001E67E2 /* Frameworks */,
				6900A5E62139C10A001E67E2 /* Resources */,
			);
			buildRules = (
			);
			dependencies = (
			);
			name = StartDemo;
			productName = StartDemo;
			productReference = 6900A5E82139C10A001E67E2 /* StartDemo.app */;
			productType = "com.apple.product-type.application";
		};
/* End PBXNativeTarget section */

/* Begin PBXProject section */
		6900A5E02139C10A001E67E2 /* Project object */ = {
			isa = PBXProject;
			attributes = {
				LastSwiftUpdateCheck = 0940;
				LastUpgradeCheck = 0940;
				ORGANIZATIONNAME = "Igor Matyushkin";
				TargetAttributes = {
					6900A5E72139C10A001E67E2 = {
						CreatedOnToolsVersion = 9.4;
					};
				};
			};
			buildConfigurationList = 6900A5E32139C10A001E67E2 /* Build configuration list for PBXProject "StartDemo" */;
			compatibilityVersion = "Xcode 9.3";
			developmentRegion = en;
			hasScannedForEncodings = 0;
			knownRegions = (
				en,
				Base,
			);
			mainGroup = 6900A5DF2139C10A001E67E2;
			productRefGroup = 6900A5E92139C10A001E67E2 /* Products */;
			projectDirPath = "";
			projectRoot = "";
			targets = (
				6900A5E72139C10A001E67E2 /* StartDemo */,
			);
		};
/* End PBXProject section */

/* Begin PBXResourcesBuildPhase section */
		6900A5E62139C10A001E67E2 /* Resources */ = {
			isa = PBXResourcesBuildPhase;
			buildActionMask = 2147483647;
			files = (
				6900A5FE2139C121001E67E2 /* LaunchScreen.xib in Resources */,
				6900A6042139C170001E67E2 /* MainViewController.xib in Resources */,
				6900A5F32139C10C001E67E2 /* Assets.xcassets in Resources */,
			);
			runOnlyForDeploymentPostprocessing = 0;
		};
/* End PBXResourcesBuildPhase section */

/* Begin PBXSourcesBuildPhase section */
		6900A5E42139C10A001E67E2 /* Sources */ = {
			isa = PBXSourcesBuildPhase;
			buildActionMask = 2147483647;
			files = (
				6900A5EC2139C10A001E67E2 /* AppDelegate.swift in Sources */,
				6900A6032139C170001E67E2 /* MainViewController.swift in Sources */,
			);
			runOnlyForDeploymentPostprocessing = 0;
		};
/* End PBXSourcesBuildPhase section */

/* Begin XCBuildConfiguration section */
		6900A5F82139C10C001E67E2 /* Debug */ = {
			isa = XCBuildConfiguration;
			buildSettings = {
				ALWAYS_SEARCH_USER_PATHS = NO;
				CLANG_ANALYZER_NONNULL = YES;
				CLANG_ANALYZER_NUMBER_OBJECT_CONVERSION = YES_AGGRESSIVE;
				CLANG_CXX_LANGUAGE_STANDARD = "gnu++14";
				CLANG_CXX_LIBRARY = "libc++";
				CLANG_ENABLE_MODULES = YES;
				CLANG_ENABLE_OBJC_ARC = YES;
				CLANG_ENABLE_OBJC_WEAK = YES;
				CLANG_WARN_BLOCK_CAPTURE_AUTORELEASING = YES;
				CLANG_WARN_BOOL_CONVERSION = YES;
				CLANG_WARN_COMMA = YES;
				CLANG_WARN_CONSTANT_CONVERSION = YES;
				CLANG_WARN_DEPRECATED_OBJC_IMPLEMENTATIONS = YES;
				CLANG_WARN_DIRECT_OBJC_ISA_USAGE = YES_ERROR;
				CLANG_WARN_DOCUMENTATION_COMMENTS = YES;
				CLANG_WARN_EMPTY_BODY = YES;
				CLANG_WARN_ENUM_CONVERSION = YES;
				CLANG_WARN_INFINITE_RECURSION = YES;
				CLANG_WARN_INT_CONVERSION = YES;
				CLANG_WARN_NON_LITERAL_NULL_CONVERSION = YES;
				CLANG_WARN_OBJC_IMPLICIT_RETAIN_SELF = YES;
				CLANG_WARN_OBJC_LITERAL_CONVERSION = YES;
				CLANG_WARN_OBJC_ROOT_CLASS = YES_ERROR;
				CLANG_WARN_RANGE_LOOP_ANALYSIS = YES;
				CLANG_WARN_STRICT_PROTOTYPES = YES;
				CLANG_WARN_SUSPICIOUS_MOVE = YES;
				CLANG_WARN_UNGUARDED_AVAILABILITY = YES_AGGRESSIVE;
				CLANG_WARN_UNREACHABLE_CODE = YES;
				CLANG_WARN__DUPLICATE_METHOD_MATCH = YES;
				CODE_SIGN_IDENTITY = "iPhone Developer";
				COPY_PHASE_STRIP = NO;
				DEBUG_INFORMATION_FORMAT = dwarf;
				ENABLE_STRICT_OBJC_MSGSEND = YES;
				ENABLE_TESTABILITY = YES;
				GCC_C_LANGUAGE_STANDARD = gnu11;
				GCC_DYNAMIC_NO_PIC = NO;
				GCC_NO_COMMON_BLOCKS = YES;
				GCC_OPTIMIZATION_LEVEL = 0;
				GCC_PREPROCESSOR_DEFINITIONS = (
					"DEBUG=1",
					"$(inherited)",
				);
				GCC_WARN_64_TO_32_BIT_CONVERSION = YES;
				GCC_WARN_ABOUT_RETURN_TYPE = YES_ERROR;
				GCC_WARN_UNDECLARED_SELECTOR = YES;
				GCC_WARN_UNINITIALIZED_AUTOS = YES_AGGRESSIVE;
				GCC_WARN_UNUSED_FUNCTION = YES;
				GCC_WARN_UNUSED_VARIABLE = YES;
				IPHONEOS_DEPLOYMENT_TARGET = 11.4;
				MTL_ENABLE_DEBUG_INFO = YES;
				ONLY_ACTIVE_ARCH = YES;
				SDKROOT = iphoneos;
				SWIFT_ACTIVE_COMPILATION_CONDITIONS = DEBUG;
				SWIFT_OPTIMIZATION_LEVEL = "-Onone";
			};
			name = Debug;
		};
		6900A5F92139C10C001E67E2 /* Release */ = {
			isa = XCBuildConfiguration;
			buildSettings = {
				ALWAYS_SEARCH_USER_PATHS = NO;
				CLANG_ANALYZER_NONNULL = YES;
				CLANG_ANALYZER_NUMBER_OBJECT_CONVERSION = YES_AGGRESSIVE;
				CLANG_CXX_LANGUAGE_STANDARD = "gnu++14";
				CLANG_CXX_LIBRARY = "libc++";
				CLANG_ENABLE_MODULES = YES;
				CLANG_ENABLE_OBJC_ARC = YES;
				CLANG_ENABLE_OBJC_WEAK = YES;
				CLANG_WARN_BLOCK_CAPTURE_AUTORELEASING = YES;
				CLANG_WARN_BOOL_CONVERSION = YES;
				CLANG_WARN_COMMA = YES;
				CLANG_WARN_CONSTANT_CONVERSION = YES;
				CLANG_WARN_DEPRECATED_OBJC_IMPLEMENTATIONS = YES;
				CLANG_WARN_DIRECT_OBJC_ISA_USAGE = YES_ERROR;
				CLANG_WARN_DOCUMENTATION_COMMENTS = YES;
				CLANG_WARN_EMPTY_BODY = YES;
				CLANG_WARN_ENUM_CONVERSION = YES;
				CLANG_WARN_INFINITE_RECURSION = YES;
				CLANG_WARN_INT_CONVERSION = YES;
				CLANG_WARN_NON_LITERAL_NULL_CONVERSION = YES;
				CLANG_WARN_OBJC_IMPLICIT_RETAIN_SELF = YES;
				CLANG_WARN_OBJC_LITERAL_CONVERSION = YES;
				CLANG_WARN_OBJC_ROOT_CLASS = YES_ERROR;
				CLANG_WARN_RANGE_LOOP_ANALYSIS = YES;
				CLANG_WARN_STRICT_PROTOTYPES = YES;
				CLANG_WARN_SUSPICIOUS_MOVE = YES;
				CLANG_WARN_UNGUARDED_AVAILABILITY = YES_AGGRESSIVE;
				CLANG_WARN_UNREACHABLE_CODE = YES;
				CLANG_WARN__DUPLICATE_METHOD_MATCH = YES;
				CODE_SIGN_IDENTITY = "iPhone Developer";
				COPY_PHASE_STRIP = NO;
				DEBUG_INFORMATION_FORMAT = "dwarf-with-dsym";
				ENABLE_NS_ASSERTIONS = NO;
				ENABLE_STRICT_OBJC_MSGSEND = YES;
				GCC_C_LANGUAGE_STANDARD = gnu11;
				GCC_NO_COMMON_BLOCKS = YES;
				GCC_WARN_64_TO_32_BIT_CONVERSION = YES;
				GCC_WARN_ABOUT_RETURN_TYPE = YES_ERROR;
				GCC_WARN_UNDECLARED_SELECTOR = YES;
				GCC_WARN_UNINITIALIZED_AUTOS = YES_AGGRESSIVE;
				GCC_WARN_UNUSED_FUNCTION = YES;
				GCC_WARN_UNUSED_VARIABLE = YES;
				IPHONEOS_DEPLOYMENT_TARGET = 11.4;
				MTL_ENABLE_DEBUG_INFO = NO;
				SDKROOT = iphoneos;
				SWIFT_COMPILATION_MODE = wholemodule;
				SWIFT_OPTIMIZATION_LEVEL = "-O";
				VALIDATE_PRODUCT = YES;
			};
			name = Release;
		};
		6900A5FB2139C10C001E67E2 /* Debug */ = {
			isa = XCBuildConfiguration;
			buildSettings = {
				ASSETCATALOG_COMPILER_APPICON_NAME = AppIcon;
				CODE_SIGN_STYLE = Automatic;
				INFOPLIST_FILE = StartDemo/Info.plist;
				IPHONEOS_DEPLOYMENT_TARGET = 9.0;
				LD_RUNPATH_SEARCH_PATHS = (
					"$(inherited)",
					"@executable_path/Frameworks",
				);
				PRODUCT_BUNDLE_IDENTIFIER = com.visuality.StartDemo;
				PRODUCT_NAME = "$(TARGET_NAME)";
				SWIFT_VERSION = 4.0;
				TARGETED_DEVICE_FAMILY = 1;
			};
			name = Debug;
		};
		6900A5FC2139C10C001E67E2 /* Release */ = {
			isa = XCBuildConfiguration;
			buildSettings = {
				ASSETCATALOG_COMPILER_APPICON_NAME = AppIcon;
				CODE_SIGN_STYLE = Automatic;
				INFOPLIST_FILE = StartDemo/Info.plist;
				IPHONEOS_DEPLOYMENT_TARGET = 9.0;
				LD_RUNPATH_SEARCH_PATHS = (
					"$(inherited)",
					"@executable_path/Frameworks",
				);
				PRODUCT_BUNDLE_IDENTIFIER = com.visuality.StartDemo;
				PRODUCT_NAME = "$(TARGET_NAME)";
				SWIFT_VERSION = 4.0;
				TARGETED_DEVICE_FAMILY = 1;
			};
			name = Release;
		};
/* End XCBuildConfiguration section */

/* Begin XCConfigurationList section */
		6900A5E32139C10A001E67E2 /* Build configuration list for PBXProject "StartDemo" */ = {
			isa = XCConfigurationList;
			buildConfigurations = (
				6900A5F82139C10C001E67E2 /* Debug */,
				6900A5F92139C10C001E67E2 /* Release */,
			);
			defaultConfigurationIsVisible = 0;
			defaultConfigurationName = Release;
		};
		6900A5FA2139C10C001E67E2 /* Build configuration list for PBXNativeTarget "StartDemo" */ = {
			isa = XCConfigurationList;
			buildConfigurations = (
				6900A5FB2139C10C001E67E2 /* Debug */,
				6900A5FC2139C10C001E67E2 /* Release */,
			);
			defaultConfigurationIsVisible = 0;
			defaultConfigurationName = Release;
		};
/* End XCConfigurationList section */
	};
	rootObject = 6900A5E02139C10A001E67E2 /* Project object */;
}
